// !$*UTF8*$!
{
	archiveVersion = 1;
	classes = {
	};
	objectVersion = 55;
	objects = {

/* Begin PBXBuildFile section */
		BDF0879D277B28EB0067B28C /* AppDelegate.swift in Sources */ = {isa = PBXBuildFile; fileRef = BDF0879C277B28EB0067B28C /* AppDelegate.swift */; };
		BDF0879F277B28EB0067B28C /* SceneDelegate.swift in Sources */ = {isa = PBXBuildFile; fileRef = BDF0879E277B28EB0067B28C /* SceneDelegate.swift */; };
		BDF087A1277B28EB0067B28C /* ViewController.swift in Sources */ = {isa = PBXBuildFile; fileRef = BDF087A0277B28EB0067B28C /* ViewController.swift */; };
		BDF087A4277B28EB0067B28C /* Main.storyboard in Resources */ = {isa = PBXBuildFile; fileRef = BDF087A2277B28EB0067B28C /* Main.storyboard */; };
		BDF087A6277B28EE0067B28C /* Assets.xcassets in Resources */ = {isa = PBXBuildFile; fileRef = BDF087A5277B28EE0067B28C /* Assets.xcassets */; };
		BDF087A9277B28EE0067B28C /* LaunchScreen.storyboard in Resources */ = {isa = PBXBuildFile; fileRef = BDF087A7277B28EE0067B28C /* LaunchScreen.storyboard */; };
		BDF087B1277B2F300067B28C /* NewsFeed.swift in Sources */ = {isa = PBXBuildFile; fileRef = BDF087B0277B2F300067B28C /* NewsFeed.swift */; };
		BDF087B3277B30720067B28C /* Article.swift in Sources */ = {isa = PBXBuildFile; fileRef = BDF087B2277B30720067B28C /* Article.swift */; };
/* End PBXBuildFile section */

/* Begin PBXFileReference section */
		BDF08799277B28EB0067B28C /* NewsAPI-JSON.app */ = {isa = PBXFileReference; explicitFileType = wrapper.application; includeInIndex = 0; path = "NewsAPI-JSON.app"; sourceTree = BUILT_PRODUCTS_DIR; };
		BDF0879C277B28EB0067B28C /* AppDelegate.swift */ = {isa = PBXFileReference; lastKnownFileType = sourcecode.swift; path = AppDelegate.swift; sourceTree = "<group>"; };
		BDF0879E277B28EB0067B28C /* SceneDelegate.swift */ = {isa = PBXFileReference; lastKnownFileType = sourcecode.swift; path = SceneDelegate.swift; sourceTree = "<group>"; };
		BDF087A0277B28EB0067B28C /* ViewController.swift */ = {isa = PBXFileReference; lastKnownFileType = sourcecode.swift; path = ViewController.swift; sourceTree = "<group>"; };
		BDF087A3277B28EB0067B28C /* Base */ = {isa = PBXFileReference; lastKnownFileType = file.storyboard; name = Base; path = Base.lproj/Main.storyboard; sourceTree = "<group>"; };
		BDF087A5277B28EE0067B28C /* Assets.xcassets */ = {isa = PBXFileReference; lastKnownFileType = folder.assetcatalog; path = Assets.xcassets; sourceTree = "<group>"; };
		BDF087A8277B28EE0067B28C /* Base */ = {isa = PBXFileReference; lastKnownFileType = file.storyboard; name = Base; path = Base.lproj/LaunchScreen.storyboard; sourceTree = "<group>"; };
		BDF087AA277B28EE0067B28C /* Info.plist */ = {isa = PBXFileReference; lastKnownFileType = text.plist.xml; path = Info.plist; sourceTree = "<group>"; };
		BDF087B0277B2F300067B28C /* NewsFeed.swift */ = {isa = PBXFileReference; lastKnownFileType = sourcecode.swift; path = NewsFeed.swift; sourceTree = "<group>"; };
		BDF087B2277B30720067B28C /* Article.swift */ = {isa = PBXFileReference; lastKnownFileType = sourcecode.swift; path = Article.swift; sourceTree = "<group>"; };
/* End PBXFileReference section */

/* Begin PBXFrameworksBuildPhase section */
		BDF08796277B28EB0067B28C /* Frameworks */ = {
			isa = PBXFrameworksBuildPhase;
			buildActionMask = 2147483647;
			files = (
			);
			runOnlyForDeploymentPostprocessing = 0;
		};
/* End PBXFrameworksBuildPhase section */

/* Begin PBXGroup section */
		BDF08790277B28EB0067B28C = {
			isa = PBXGroup;
			children = (
				BDF0879B277B28EB0067B28C /* NewsAPI-JSON */,
				BDF0879A277B28EB0067B28C /* Products */,
			);
			sourceTree = "<group>";
		};
		BDF0879A277B28EB0067B28C /* Products */ = {
			isa = PBXGroup;
			children = (
				BDF08799277B28EB0067B28C /* NewsAPI-JSON.app */,
			);
			name = Products;
			sourceTree = "<group>";
		};
		BDF0879B277B28EB0067B28C /* NewsAPI-JSON */ = {
			isa = PBXGroup;
			children = (
				BDF0879C277B28EB0067B28C /* AppDelegate.swift */,
				BDF0879E277B28EB0067B28C /* SceneDelegate.swift */,
				BDF087A0277B28EB0067B28C /* ViewController.swift */,
				BDF087A2277B28EB0067B28C /* Main.storyboard */,
				BDF087A5277B28EE0067B28C /* Assets.xcassets */,
				BDF087A7277B28EE0067B28C /* LaunchScreen.storyboard */,
				BDF087AA277B28EE0067B28C /* Info.plist */,
				BDF087B0277B2F300067B28C /* NewsFeed.swift */,
				BDF087B2277B30720067B28C /* Article.swift */,
			);
			path = "NewsAPI-JSON";
			sourceTree = "<group>";
		};
/* End PBXGroup section */

/* Begin PBXNativeTarget section */
		BDF08798277B28EB0067B28C /* NewsAPI-JSON */ = {
			isa = PBXNativeTarget;
			buildConfigurationList = BDF087AD277B28EE0067B28C /* Build configuration list for PBXNativeTarget "NewsAPI-JSON" */;
			buildPhases = (
				BDF08795277B28EB0067B28C /* Sources */,
				BDF08796277B28EB0067B28C /* Frameworks */,
				BDF08797277B28EB0067B28C /* Resources */,
			);
			buildRules = (
			);
			dependencies = (
			);
			name = "NewsAPI-JSON";
			productName = "NewsAPI-JSON";
			productReference = BDF08799277B28EB0067B28C /* NewsAPI-JSON.app */;
			productType = "com.apple.product-type.application";
		};
/* End PBXNativeTarget section */

/* Begin PBXProject section */
		BDF08791277B28EB0067B28C /* Project object */ = {
			isa = PBXProject;
			attributes = {
				BuildIndependentTargetsInParallel = 1;
				LastSwiftUpdateCheck = 1310;
				LastUpgradeCheck = 1310;
				TargetAttributes = {
					BDF08798277B28EB0067B28C = {
						CreatedOnToolsVersion = 13.1;
					};
				};
			};
			buildConfigurationList = BDF08794277B28EB0067B28C /* Build configuration list for PBXProject "NewsAPI-JSON" */;
			compatibilityVersion = "Xcode 13.0";
			developmentRegion = en;
			hasScannedForEncodings = 0;
			knownRegions = (
				en,
				Base,
			);
			mainGroup = BDF08790277B28EB0067B28C;
			productRefGroup = BDF0879A277B28EB0067B28C /* Products */;
			projectDirPath = "";
			projectRoot = "";
			targets = (
				BDF08798277B28EB0067B28C /* NewsAPI-JSON */,
			);
		};
/* End PBXProject section */

/* Begin PBXResourcesBuildPhase section */
		BDF08797277B28EB0067B28C /* Resources */ = {
			isa = PBXResourcesBuildPhase;
			buildActionMask = 2147483647;
			files = (
				BDF087A9277B28EE0067B28C /* LaunchScreen.storyboard in Resources */,
				BDF087A6277B28EE0067B28C /* Assets.xcassets in Resources */,
				BDF087A4277B28EB0067B28C /* Main.storyboard in Resources */,
			);
			runOnlyForDeploymentPostprocessing = 0;
		};
/* End PBXResourcesBuildPhase section */

/* Begin PBXSourcesBuildPhase section */
		BDF08795277B28EB0067B28C /* Sources */ = {
			isa = PBXSourcesBuildPhase;
			buildActionMask = 2147483647;
			files = (
				BDF087A1277B28EB0067B28C /* ViewController.swift in Sources */,
				BDF0879D277B28EB0067B28C /* AppDelegate.swift in Sources */,
				BDF087B1277B2F300067B28C /* NewsFeed.swift in Sources */,
				BDF0879F277B28EB0067B28C /* SceneDelegate.swift in Sources */,
				BDF087B3277B30720067B28C /* Article.swift in Sources */,
			);
			runOnlyForDeploymentPostprocessing = 0;
		};
/* End PBXSourcesBuildPhase section */

/* Begin PBXVariantGroup section */
		BDF087A2277B28EB0067B28C /* Main.storyboard */ = {
			isa = PBXVariantGroup;
			children = (
				BDF087A3277B28EB0067B28C /* Base */,
			);
			name = Main.storyboard;
			sourceTree = "<group>";
		};
		BDF087A7277B28EE0067B28C /* LaunchScreen.storyboard */ = {
			isa = PBXVariantGroup;
			children = (
				BDF087A8277B28EE0067B28C /* Base */,
			);
			name = LaunchScreen.storyboard;
			sourceTree = "<group>";
		};
/* End PBXVariantGroup section */

/* Begin XCBuildConfiguration section */
		BDF087AB277B28EE0067B28C /* Debug */ = {
			isa = XCBuildConfiguration;
			buildSettings = {
				ALWAYS_SEARCH_USER_PATHS = NO;
				CLANG_ANALYZER_NONNULL = YES;
				CLANG_ANALYZER_NUMBER_OBJECT_CONVERSION = YES_AGGRESSIVE;
				CLANG_CXX_LANGUAGE_STANDARD = "gnu++17";
				CLANG_CXX_LIBRARY = "libc++";
				CLANG_ENABLE_MODULES = YES;
				CLANG_ENABLE_OBJC_ARC = YES;
				CLANG_ENABLE_OBJC_WEAK = YES;
				CLANG_WARN_BLOCK_CAPTURE_AUTORELEASING = YES;
				CLANG_WARN_BOOL_CONVERSION = YES;
				CLANG_WARN_COMMA = YES;
				CLANG_WARN_CONSTANT_CONVERSION = YES;
				CLANG_WARN_DEPRECATED_OBJC_IMPLEMENTATIONS = YES;
				CLANG_WARN_DIRECT_OBJC_ISA_USAGE = YES_ERROR;
				CLANG_WARN_DOCUMENTATION_COMMENTS = YES;
				CLANG_WARN_EMPTY_BODY = YES;
				CLANG_WARN_ENUM_CONVERSION = YES;
				CLANG_WARN_INFINITE_RECURSION = YES;
				CLANG_WARN_INT_CONVERSION = YES;
				CLANG_WARN_NON_LITERAL_NULL_CONVERSION = YES;
				CLANG_WARN_OBJC_IMPLICIT_RETAIN_SELF = YES;
				CLANG_WARN_OBJC_LITERAL_CONVERSION = YES;
				CLANG_WARN_OBJC_ROOT_CLASS = YES_ERROR;
				CLANG_WARN_QUOTED_INCLUDE_IN_FRAMEWORK_HEADER = YES;
				CLANG_WARN_RANGE_LOOP_ANALYSIS = YES;
				CLANG_WARN_STRICT_PROTOTYPES = YES;
				CLANG_WARN_SUSPICIOUS_MOVE = YES;
				CLANG_WARN_UNGUARDED_AVAILABILITY = YES_AGGRESSIVE;
				CLANG_WARN_UNREACHABLE_CODE = YES;
				CLANG_WARN__DUPLICATE_METHOD_MATCH = YES;
				COPY_PHASE_STRIP = NO;
				DEBUG_INFORMATION_FORMAT = dwarf;
				ENABLE_STRICT_OBJC_MSGSEND = YES;
				ENABLE_TESTABILITY = YES;
				GCC_C_LANGUAGE_STANDARD = gnu11;
				GCC_DYNAMIC_NO_PIC = NO;
				GCC_NO_COMMON_BLOCKS = YES;
				GCC_OPTIMIZATION_LEVEL = 0;
				GCC_PREPROCESSOR_DEFINITIONS = (
					"DEBUG=1",
					"$(inherited)",
				);
				GCC_WARN_64_TO_32_BIT_CONVERSION = YES;
				GCC_WARN_ABOUT_RETURN_TYPE = YES_ERROR;
				GCC_WARN_UNDECLARED_SELECTOR = YES;
				GCC_WARN_UNINITIALIZED_AUTOS = YES_AGGRESSIVE;
				GCC_WARN_UNUSED_FUNCTION = YES;
				GCC_WARN_UNUSED_VARIABLE = YES;
				IPHONEOS_DEPLOYMENT_TARGET = 15.0;
				MTL_ENABLE_DEBUG_INFO = INCLUDE_SOURCE;
				MTL_FAST_MATH = YES;
				ONLY_ACTIVE_ARCH = YES;
				SDKROOT = iphoneos;
				SWIFT_ACTIVE_COMPILATION_CONDITIONS = DEBUG;
				SWIFT_OPTIMIZATION_LEVEL = "-Onone";
			};
			name = Debug;
		};
		BDF087AC277B28EE0067B28C /* Release */ = {
			isa = XCBuildConfiguration;
			buildSettings = {
				ALWAYS_SEARCH_USER_PATHS = NO;
				CLANG_ANALYZER_NONNULL = YES;
				CLANG_ANALYZER_NUMBER_OBJECT_CONVERSION = YES_AGGRESSIVE;
				CLANG_CXX_LANGUAGE_STANDARD = "gnu++17";
				CLANG_CXX_LIBRARY = "libc++";
				CLANG_ENABLE_MODULES = YES;
				CLANG_ENABLE_OBJC_ARC = YES;
				CLANG_ENABLE_OBJC_WEAK = YES;
				CLANG_WARN_BLOCK_CAPTURE_AUTORELEASING = YES;
				CLANG_WARN_BOOL_CONVERSION = YES;
				CLANG_WARN_COMMA = YES;
				CLANG_WARN_CONSTANT_CONVERSION = YES;
				CLANG_WARN_DEPRECATED_OBJC_IMPLEMENTATIONS = YES;
				CLANG_WARN_DIRECT_OBJC_ISA_USAGE = YES_ERROR;
				CLANG_WARN_DOCUMENTATION_COMMENTS = YES;
				CLANG_WARN_EMPTY_BODY = YES;
				CLANG_WARN_ENUM_CONVERSION = YES;
				CLANG_WARN_INFINITE_RECURSION = YES;
				CLANG_WARN_INT_CONVERSION = YES;
				CLANG_WARN_NON_LITERAL_NULL_CONVERSION = YES;
				CLANG_WARN_OBJC_IMPLICIT_RETAIN_SELF = YES;
				CLANG_WARN_OBJC_LITERAL_CONVERSION = YES;
				CLANG_WARN_OBJC_ROOT_CLASS = YES_ERROR;
				CLANG_WARN_QUOTED_INCLUDE_IN_FRAMEWORK_HEADER = YES;
				CLANG_WARN_RANGE_LOOP_ANALYSIS = YES;
				CLANG_WARN_STRICT_PROTOTYPES = YES;
				CLANG_WARN_SUSPICIOUS_MOVE = YES;
				CLANG_WARN_UNGUARDED_AVAILABILITY = YES_AGGRESSIVE;
				CLANG_WARN_UNREACHABLE_CODE = YES;
				CLANG_WARN__DUPLICATE_METHOD_MATCH = YES;
				COPY_PHASE_STRIP = NO;
				DEBUG_INFORMATION_FORMAT = "dwarf-with-dsym";
				ENABLE_NS_ASSERTIONS = NO;
				ENABLE_STRICT_OBJC_MSGSEND = YES;
				GCC_C_LANGUAGE_STANDARD = gnu11;
				GCC_NO_COMMON_BLOCKS = YES;
				GCC_WARN_64_TO_32_BIT_CONVERSION = YES;
				GCC_WARN_ABOUT_RETURN_TYPE = YES_ERROR;
				GCC_WARN_UNDECLARED_SELECTOR = YES;
				GCC_WARN_UNINITIALIZED_AUTOS = YES_AGGRESSIVE;
				GCC_WARN_UNUSED_FUNCTION = YES;
				GCC_WARN_UNUSED_VARIABLE = YES;
				IPHONEOS_DEPLOYMENT_TARGET = 15.0;
				MTL_ENABLE_DEBUG_INFO = NO;
				MTL_FAST_MATH = YES;
				SDKROOT = iphoneos;
				SWIFT_COMPILATION_MODE = wholemodule;
				SWIFT_OPTIMIZATION_LEVEL = "-O";
				VALIDATE_PRODUCT = YES;
			};
			name = Release;
		};
		BDF087AE277B28EE0067B28C /* Debug */ = {
			isa = XCBuildConfiguration;
			buildSettings = {
				ASSETCATALOG_COMPILER_APPICON_NAME = AppIcon;
				ASSETCATALOG_COMPILER_GLOBAL_ACCENT_COLOR_NAME = AccentColor;
				CODE_SIGN_STYLE = Automatic;
				CURRENT_PROJECT_VERSION = 1;
				DEVELOPMENT_TEAM = LL863NAQHT;
				GENERATE_INFOPLIST_FILE = YES;
				INFOPLIST_FILE = "NewsAPI-JSON/Info.plist";
				INFOPLIST_KEY_UIApplicationSupportsIndirectInputEvents = YES;
				INFOPLIST_KEY_UILaunchStoryboardName = LaunchScreen;
				INFOPLIST_KEY_UIMainStoryboardFile = Main;
				INFOPLIST_KEY_UISupportedInterfaceOrientations_iPad = "UIInterfaceOrientationPortrait UIInterfaceOrientationPortraitUpsideDown UIInterfaceOrientationLandscapeLeft UIInterfaceOrientationLandscapeRight";
				INFOPLIST_KEY_UISupportedInterfaceOrientations_iPhone = "UIInterfaceOrientationPortrait UIInterfaceOrientationLandscapeLeft UIInterfaceOrientationLandscapeRight";
				LD_RUNPATH_SEARCH_PATHS = (
					"$(inherited)",
					"@executable_path/Frameworks",
				);
				MARKETING_VERSION = 1.0;
				PRODUCT_BUNDLE_IDENTIFIER = "com.sanghun.NewsAPI-JSON";
				PRODUCT_NAME = "$(TARGET_NAME)";
				SWIFT_EMIT_LOC_STRINGS = YES;
				SWIFT_VERSION = 5.0;
				TARGETED_DEVICE_FAMILY = "1,2";
			};
			name = Debug;
		};
		BDF087AF277B28EE0067B28C /* Release */ = {
			isa = XCBuildConfiguration;
			buildSettings = {
				ASSETCATALOG_COMPILER_APPICON_NAME = AppIcon;
				ASSETCATALOG_COMPILER_GLOBAL_ACCENT_COLOR_NAME = AccentColor;
				CODE_SIGN_STYLE = Automatic;
				CURRENT_PROJECT_VERSION = 1;
				DEVELOPMENT_TEAM = LL863NAQHT;
				GENERATE_INFOPLIST_FILE = YES;
				INFOPLIST_FILE = "NewsAPI-JSON/Info.plist";
				INFOPLIST_KEY_UIApplicationSupportsIndirectInputEvents = YES;
				INFOPLIST_KEY_UILaunchStoryboardName = LaunchScreen;
				INFOPLIST_KEY_UIMainStoryboardFile = Main;
				INFOPLIST_KEY_UISupportedInterfaceOrientations_iPad = "UIInterfaceOrientationPortrait UIInterfaceOrientationPortraitUpsideDown UIInterfaceOrientationLandscapeLeft UIInterfaceOrientationLandscapeRight";
				INFOPLIST_KEY_UISupportedInterfaceOrientations_iPhone = "UIInterfaceOrientationPortrait UIInterfaceOrientationLandscapeLeft UIInterfaceOrientationLandscapeRight";
				LD_RUNPATH_SEARCH_PATHS = (
					"$(inherited)",
					"@executable_path/Frameworks",
				);
				MARKETING_VERSION = 1.0;
				PRODUCT_BUNDLE_IDENTIFIER = "com.sanghun.NewsAPI-JSON";
				PRODUCT_NAME = "$(TARGET_NAME)";
				SWIFT_EMIT_LOC_STRINGS = YES;
				SWIFT_VERSION = 5.0;
				TARGETED_DEVICE_FAMILY = "1,2";
			};
			name = Release;
		};
/* End XCBuildConfiguration section */

/* Begin XCConfigurationList section */
		BDF08794277B28EB0067B28C /* Build configuration list for PBXProject "NewsAPI-JSON" */ = {
			isa = XCConfigurationList;
			buildConfigurations = (
				BDF087AB277B28EE0067B28C /* Debug */,
				BDF087AC277B28EE0067B28C /* Release */,
			);
			defaultConfigurationIsVisible = 0;
			defaultConfigurationName = Release;
		};
		BDF087AD277B28EE0067B28C /* Build configuration list for PBXNativeTarget "NewsAPI-JSON" */ = {
			isa = XCConfigurationList;
			buildConfigurations = (
				BDF087AE277B28EE0067B28C /* Debug */,
				BDF087AF277B28EE0067B28C /* Release */,
			);
			defaultConfigurationIsVisible = 0;
			defaultConfigurationName = Release;
		};
/* End XCConfigurationList section */
	};
	rootObject = BDF08791277B28EB0067B28C /* Project object */;
}
